# This file is @generated by PDM.
# It is not intended for manual editing.

[metadata]
groups = ["default"]
strategy = ["cross_platform", "inherit_metadata"]
lock_version = "4.4.1"
content_hash = "sha256:ac2ef1339c84940d931f50842bdd300a80482993c14d371ed469cb4267a8c334"

[[package]]
name = "pypdf2"
version = "3.0.1"
requires_python = ">=3.6"
summary = "A pure-python PDF library capable of splitting, merging, cropping, and transforming PDF files"
groups = ["default"]
files = [
    {file = "PyPDF2-3.0.1.tar.gz", hash = "sha256:a74408f69ba6271f71b9352ef4ed03dc53a31aa404d29b5d31f53bfecfee1440"},
    {file = "pypdf2-3.0.1-py3-none-any.whl", hash = "sha256:d16e4205cfee272fbdc0568b68d82be796540b1537508cef59388f839c191928"},
]
